// !$*UTF8*$!
{
	archiveVersion = 1;
	classes = {
	};
	objectVersion = 56;
	objects = {

/* Begin PBXBuildFile section */
		7C3F42A12B1E68E20026619C /* MiniPlayer.swift in Sources */ = {isa = PBXBuildFile; fileRef = 7C3F42A02B1E68E20026619C /* MiniPlayer.swift */; };
		7C3F42A32B1E9AB90026619C /* BlurView.swift in Sources */ = {isa = PBXBuildFile; fileRef = 7C3F42A22B1E9AB90026619C /* BlurView.swift */; };
		7C3F42A82B1EA5700026619C /* ModelMedia.swift in Sources */ = {isa = PBXBuildFile; fileRef = 7C3F42A72B1EA5700026619C /* ModelMedia.swift */; };
		7C3F42AA2B1EA5C80026619C /* MediaRow.swift in Sources */ = {isa = PBXBuildFile; fileRef = 7C3F42A92B1EA5C80026619C /* MediaRow.swift */; };
		7C3F42AC2B1EA5E00026619C /* MediaList.swift in Sources */ = {isa = PBXBuildFile; fileRef = 7C3F42AB2B1EA5E00026619C /* MediaList.swift */; };
		7CAB62352B223AE9005F02A6 /* CardsRowView.swift in Sources */ = {isa = PBXBuildFile; fileRef = 7CAB62342B223AE9005F02A6 /* CardsRowView.swift */; };
		7CAB62372B223B06005F02A6 /* RadioModel.swift in Sources */ = {isa = PBXBuildFile; fileRef = 7CAB62362B223B06005F02A6 /* RadioModel.swift */; };
		7CAB62392B24A43D005F02A6 /* StackRow.swift in Sources */ = {isa = PBXBuildFile; fileRef = 7CAB62382B24A43D005F02A6 /* StackRow.swift */; };
		7CAB623C2B24B119005F02A6 /* MiniCardsRow.swift in Sources */ = {isa = PBXBuildFile; fileRef = 7CAB623B2B24B119005F02A6 /* MiniCardsRow.swift */; };
		7CAB623E2B24B1B7005F02A6 /* StackMiniCards.swift in Sources */ = {isa = PBXBuildFile; fileRef = 7CAB623D2B24B1B7005F02A6 /* StackMiniCards.swift */; };
		7CAB62412B24C069005F02A6 /* RadioModulDetail.swift in Sources */ = {isa = PBXBuildFile; fileRef = 7CAB62402B24C069005F02A6 /* RadioModulDetail.swift */; };
		7CAB62432B24C53C005F02A6 /* RadioModulDetailRow.swift in Sources */ = {isa = PBXBuildFile; fileRef = 7CAB62422B24C53C005F02A6 /* RadioModulDetailRow.swift */; };
		7CB7099D2B1E5154001849F9 /* AppleMusicSUIApp.swift in Sources */ = {isa = PBXBuildFile; fileRef = 7CB7099C2B1E5154001849F9 /* AppleMusicSUIApp.swift */; };
		7CB7099F2B1E5154001849F9 /* ContentView.swift in Sources */ = {isa = PBXBuildFile; fileRef = 7CB7099E2B1E5154001849F9 /* ContentView.swift */; };
		7CB709A12B1E5155001849F9 /* Assets.xcassets in Resources */ = {isa = PBXBuildFile; fileRef = 7CB709A02B1E5155001849F9 /* Assets.xcassets */; };
		7CB709A42B1E5155001849F9 /* Preview Assets.xcassets in Resources */ = {isa = PBXBuildFile; fileRef = 7CB709A32B1E5155001849F9 /* Preview Assets.xcassets */; };
		7CB709AB2B1E52F0001849F9 /* LibraryView.swift in Sources */ = {isa = PBXBuildFile; fileRef = 7CB709AA2B1E52F0001849F9 /* LibraryView.swift */; };
		7CB709AD2B1E55B8001849F9 /* SearchModul.swift in Sources */ = {isa = PBXBuildFile; fileRef = 7CB709AC2B1E55B8001849F9 /* SearchModul.swift */; };
		7CB709AF2B1E55DD001849F9 /* RadioModul.swift in Sources */ = {isa = PBXBuildFile; fileRef = 7CB709AE2B1E55DD001849F9 /* RadioModul.swift */; };
/* End PBXBuildFile section */

/* Begin PBXFileReference section */
		7C3F42A02B1E68E20026619C /* MiniPlayer.swift */ = {isa = PBXFileReference; lastKnownFileType = sourcecode.swift; path = MiniPlayer.swift; sourceTree = "<group>"; };
		7C3F42A22B1E9AB90026619C /* BlurView.swift */ = {isa = PBXFileReference; lastKnownFileType = sourcecode.swift; path = BlurView.swift; sourceTree = "<group>"; };
		7C3F42A72B1EA5700026619C /* ModelMedia.swift */ = {isa = PBXFileReference; lastKnownFileType = sourcecode.swift; path = ModelMedia.swift; sourceTree = "<group>"; };
		7C3F42A92B1EA5C80026619C /* MediaRow.swift */ = {isa = PBXFileReference; lastKnownFileType = sourcecode.swift; path = MediaRow.swift; sourceTree = "<group>"; };
		7C3F42AB2B1EA5E00026619C /* MediaList.swift */ = {isa = PBXFileReference; lastKnownFileType = sourcecode.swift; path = MediaList.swift; sourceTree = "<group>"; };
		7CAB62342B223AE9005F02A6 /* CardsRowView.swift */ = {isa = PBXFileReference; lastKnownFileType = sourcecode.swift; path = CardsRowView.swift; sourceTree = "<group>"; };
		7CAB62362B223B06005F02A6 /* RadioModel.swift */ = {isa = PBXFileReference; lastKnownFileType = sourcecode.swift; path = RadioModel.swift; sourceTree = "<group>"; };
		7CAB62382B24A43D005F02A6 /* StackRow.swift */ = {isa = PBXFileReference; lastKnownFileType = sourcecode.swift; path = StackRow.swift; sourceTree = "<group>"; };
		7CAB623B2B24B119005F02A6 /* MiniCardsRow.swift */ = {isa = PBXFileReference; lastKnownFileType = sourcecode.swift; path = MiniCardsRow.swift; sourceTree = "<group>"; };
		7CAB623D2B24B1B7005F02A6 /* StackMiniCards.swift */ = {isa = PBXFileReference; lastKnownFileType = sourcecode.swift; path = StackMiniCards.swift; sourceTree = "<group>"; };
		7CAB62402B24C069005F02A6 /* RadioModulDetail.swift */ = {isa = PBXFileReference; lastKnownFileType = sourcecode.swift; path = RadioModulDetail.swift; sourceTree = "<group>"; };
		7CAB62422B24C53C005F02A6 /* RadioModulDetailRow.swift */ = {isa = PBXFileReference; lastKnownFileType = sourcecode.swift; path = RadioModulDetailRow.swift; sourceTree = "<group>"; };
		7CB709992B1E5154001849F9 /* AppleMusicSUI.app */ = {isa = PBXFileReference; explicitFileType = wrapper.application; includeInIndex = 0; path = AppleMusicSUI.app; sourceTree = BUILT_PRODUCTS_DIR; };
		7CB7099C2B1E5154001849F9 /* AppleMusicSUIApp.swift */ = {isa = PBXFileReference; lastKnownFileType = sourcecode.swift; path = AppleMusicSUIApp.swift; sourceTree = "<group>"; };
		7CB7099E2B1E5154001849F9 /* ContentView.swift */ = {isa = PBXFileReference; lastKnownFileType = sourcecode.swift; path = ContentView.swift; sourceTree = "<group>"; };
		7CB709A02B1E5155001849F9 /* Assets.xcassets */ = {isa = PBXFileReference; lastKnownFileType = folder.assetcatalog; path = Assets.xcassets; sourceTree = "<group>"; };
		7CB709A32B1E5155001849F9 /* Preview Assets.xcassets */ = {isa = PBXFileReference; lastKnownFileType = folder.assetcatalog; path = "Preview Assets.xcassets"; sourceTree = "<group>"; };
		7CB709AA2B1E52F0001849F9 /* LibraryView.swift */ = {isa = PBXFileReference; lastKnownFileType = sourcecode.swift; path = LibraryView.swift; sourceTree = "<group>"; };
		7CB709AC2B1E55B8001849F9 /* SearchModul.swift */ = {isa = PBXFileReference; lastKnownFileType = sourcecode.swift; path = SearchModul.swift; sourceTree = "<group>"; };
		7CB709AE2B1E55DD001849F9 /* RadioModul.swift */ = {isa = PBXFileReference; lastKnownFileType = sourcecode.swift; path = RadioModul.swift; sourceTree = "<group>"; };
/* End PBXFileReference section */

/* Begin PBXFrameworksBuildPhase section */
		7CB709962B1E5154001849F9 /* Frameworks */ = {
			isa = PBXFrameworksBuildPhase;
			buildActionMask = 2147483647;
			files = (
			);
			runOnlyForDeploymentPostprocessing = 0;
		};
/* End PBXFrameworksBuildPhase section */

/* Begin PBXGroup section */
		7C26AFD02B20BBFA00AA6CA6 /* MiniPlayer */ = {
			isa = PBXGroup;
			children = (
				7C3F42A02B1E68E20026619C /* MiniPlayer.swift */,
				7C3F42A22B1E9AB90026619C /* BlurView.swift */,
			);
			path = MiniPlayer;
			sourceTree = "<group>";
		};
		7C26AFD12B20C13300AA6CA6 /* TabBar */ = {
			isa = PBXGroup;
			children = (
				7CAB62332B223A81005F02A6 /* SearchModul */,
				7CAB62312B223A14005F02A6 /* MediaModul */,
				7CAB62322B223A6A005F02A6 /* RadioModul */,
			);
			path = TabBar;
			sourceTree = "<group>";
		};
		7C3F42A62B1EA53F0026619C /* EditView */ = {
			isa = PBXGroup;
			children = (
				7C3F42A72B1EA5700026619C /* ModelMedia.swift */,
				7C3F42A92B1EA5C80026619C /* MediaRow.swift */,
				7C3F42AB2B1EA5E00026619C /* MediaList.swift */,
			);
			path = EditView;
			sourceTree = "<group>";
		};
		7CAB62312B223A14005F02A6 /* MediaModul */ = {
			isa = PBXGroup;
			children = (
				7C3F42A62B1EA53F0026619C /* EditView */,
				7CB709AA2B1E52F0001849F9 /* LibraryView.swift */,
			);
			path = MediaModul;
			sourceTree = "<group>";
		};
		7CAB62322B223A6A005F02A6 /* RadioModul */ = {
			isa = PBXGroup;
			children = (
				7CB709AE2B1E55DD001849F9 /* RadioModul.swift */,
				7CAB62462B250646005F02A6 /* DetailView */,
				7CAB623F2B24C048005F02A6 /* StackMiniCards */,
				7CAB623A2B24B0A2005F02A6 /* StackCards */,
				7CAB62472B250662005F02A6 /* RadioModel */,
			);
			path = RadioModul;
			sourceTree = "<group>";
		};
		7CAB62332B223A81005F02A6 /* SearchModul */ = {
			isa = PBXGroup;
			children = (
				7CB709AC2B1E55B8001849F9 /* SearchModul.swift */,
			);
			path = SearchModul;
			sourceTree = "<group>";
		};
		7CAB623A2B24B0A2005F02A6 /* StackCards */ = {
			isa = PBXGroup;
			children = (
				7CAB62342B223AE9005F02A6 /* CardsRowView.swift */,
				7CAB62382B24A43D005F02A6 /* StackRow.swift */,
			);
			path = StackCards;
			sourceTree = "<group>";
		};
		7CAB623F2B24C048005F02A6 /* StackMiniCards */ = {
			isa = PBXGroup;
			children = (
				7CAB623B2B24B119005F02A6 /* MiniCardsRow.swift */,
				7CAB623D2B24B1B7005F02A6 /* StackMiniCards.swift */,
			);
			path = StackMiniCards;
			sourceTree = "<group>";
		};
		7CAB62462B250646005F02A6 /* DetailView */ = {
			isa = PBXGroup;
			children = (
				7CAB62402B24C069005F02A6 /* RadioModulDetail.swift */,
				7CAB62422B24C53C005F02A6 /* RadioModulDetailRow.swift */,
			);
			path = DetailView;
			sourceTree = "<group>";
		};
		7CAB62472B250662005F02A6 /* RadioModel */ = {
			isa = PBXGroup;
			children = (
				7CAB62362B223B06005F02A6 /* RadioModel.swift */,
			);
			path = RadioModel;
			sourceTree = "<group>";
		};
		7CB709902B1E5154001849F9 = {
			isa = PBXGroup;
			children = (
				7CB7099B2B1E5154001849F9 /* AppleMusicSUI */,
				7CB7099A2B1E5154001849F9 /* Products */,
			);
			sourceTree = "<group>";
		};
		7CB7099A2B1E5154001849F9 /* Products */ = {
			isa = PBXGroup;
			children = (
				7CB709992B1E5154001849F9 /* AppleMusicSUI.app */,
			);
			name = Products;
			sourceTree = "<group>";
		};
		7CB7099B2B1E5154001849F9 /* AppleMusicSUI */ = {
			isa = PBXGroup;
			children = (
				7CB7099C2B1E5154001849F9 /* AppleMusicSUIApp.swift */,
				7CB7099E2B1E5154001849F9 /* ContentView.swift */,
				7C26AFD02B20BBFA00AA6CA6 /* MiniPlayer */,
				7C26AFD12B20C13300AA6CA6 /* TabBar */,
				7CB709A02B1E5155001849F9 /* Assets.xcassets */,
				7CB709A22B1E5155001849F9 /* Preview Content */,
			);
			path = AppleMusicSUI;
			sourceTree = "<group>";
		};
		7CB709A22B1E5155001849F9 /* Preview Content */ = {
			isa = PBXGroup;
			children = (
				7CB709A32B1E5155001849F9 /* Preview Assets.xcassets */,
			);
			path = "Preview Content";
			sourceTree = "<group>";
		};
/* End PBXGroup section */

/* Begin PBXNativeTarget section */
		7CB709982B1E5154001849F9 /* AppleMusicSUI */ = {
			isa = PBXNativeTarget;
			buildConfigurationList = 7CB709A72B1E5155001849F9 /* Build configuration list for PBXNativeTarget "AppleMusicSUI" */;
			buildPhases = (
				7CB709952B1E5154001849F9 /* Sources */,
				7CB709962B1E5154001849F9 /* Frameworks */,
				7CB709972B1E5154001849F9 /* Resources */,
			);
			buildRules = (
			);
			dependencies = (
			);
			name = AppleMusicSUI;
			productName = AppleMusicSUI;
			productReference = 7CB709992B1E5154001849F9 /* AppleMusicSUI.app */;
			productType = "com.apple.product-type.application";
		};
/* End PBXNativeTarget section */

/* Begin PBXProject section */
		7CB709912B1E5154001849F9 /* Project object */ = {
			isa = PBXProject;
			attributes = {
				BuildIndependentTargetsInParallel = 1;
				LastSwiftUpdateCheck = 1420;
				LastUpgradeCheck = 1420;
				TargetAttributes = {
					7CB709982B1E5154001849F9 = {
						CreatedOnToolsVersion = 14.2;
					};
				};
			};
			buildConfigurationList = 7CB709942B1E5154001849F9 /* Build configuration list for PBXProject "AppleMusicSUI" */;
			compatibilityVersion = "Xcode 14.0";
			developmentRegion = en;
			hasScannedForEncodings = 0;
			knownRegions = (
				en,
				Base,
			);
			mainGroup = 7CB709902B1E5154001849F9;
			productRefGroup = 7CB7099A2B1E5154001849F9 /* Products */;
			projectDirPath = "";
			projectRoot = "";
			targets = (
				7CB709982B1E5154001849F9 /* AppleMusicSUI */,
			);
		};
/* End PBXProject section */

/* Begin PBXResourcesBuildPhase section */
		7CB709972B1E5154001849F9 /* Resources */ = {
			isa = PBXResourcesBuildPhase;
			buildActionMask = 2147483647;
			files = (
				7CB709A42B1E5155001849F9 /* Preview Assets.xcassets in Resources */,
				7CB709A12B1E5155001849F9 /* Assets.xcassets in Resources */,
			);
			runOnlyForDeploymentPostprocessing = 0;
		};
/* End PBXResourcesBuildPhase section */

/* Begin PBXSourcesBuildPhase section */
		7CB709952B1E5154001849F9 /* Sources */ = {
			isa = PBXSourcesBuildPhase;
			buildActionMask = 2147483647;
			files = (
				7CB7099F2B1E5154001849F9 /* ContentView.swift in Sources */,
				7C3F42A82B1EA5700026619C /* ModelMedia.swift in Sources */,
				7C3F42A32B1E9AB90026619C /* BlurView.swift in Sources */,
				7C3F42AA2B1EA5C80026619C /* MediaRow.swift in Sources */,
				7CAB62412B24C069005F02A6 /* RadioModulDetail.swift in Sources */,
				7CB709AB2B1E52F0001849F9 /* LibraryView.swift in Sources */,
				7CAB62392B24A43D005F02A6 /* StackRow.swift in Sources */,
				7CAB623E2B24B1B7005F02A6 /* StackMiniCards.swift in Sources */,
				7CB709AF2B1E55DD001849F9 /* RadioModul.swift in Sources */,
				7C3F42A12B1E68E20026619C /* MiniPlayer.swift in Sources */,
				7CAB62432B24C53C005F02A6 /* RadioModulDetailRow.swift in Sources */,
				7CAB62352B223AE9005F02A6 /* CardsRowView.swift in Sources */,
				7CAB623C2B24B119005F02A6 /* MiniCardsRow.swift in Sources */,
				7C3F42AC2B1EA5E00026619C /* MediaList.swift in Sources */,
				7CB7099D2B1E5154001849F9 /* AppleMusicSUIApp.swift in Sources */,
				7CB709AD2B1E55B8001849F9 /* SearchModul.swift in Sources */,
				7CAB62372B223B06005F02A6 /* RadioModel.swift in Sources */,
			);
			runOnlyForDeploymentPostprocessing = 0;
		};
/* End PBXSourcesBuildPhase section */

/* Begin XCBuildConfiguration section */
		7CB709A52B1E5155001849F9 /* Debug */ = {
			isa = XCBuildConfiguration;
			buildSettings = {
				ALWAYS_SEARCH_USER_PATHS = NO;
				CLANG_ANALYZER_NONNULL = YES;
				CLANG_ANALYZER_NUMBER_OBJECT_CONVERSION = YES_AGGRESSIVE;
				CLANG_CXX_LANGUAGE_STANDARD = "gnu++20";
				CLANG_ENABLE_MODULES = YES;
				CLANG_ENABLE_OBJC_ARC = YES;
				CLANG_ENABLE_OBJC_WEAK = YES;
				CLANG_WARN_BLOCK_CAPTURE_AUTORELEASING = YES;
				CLANG_WARN_BOOL_CONVERSION = YES;
				CLANG_WARN_COMMA = YES;
				CLANG_WARN_CONSTANT_CONVERSION = YES;
				CLANG_WARN_DEPRECATED_OBJC_IMPLEMENTATIONS = YES;
				CLANG_WARN_DIRECT_OBJC_ISA_USAGE = YES_ERROR;
				CLANG_WARN_DOCUMENTATION_COMMENTS = YES;
				CLANG_WARN_EMPTY_BODY = YES;
				CLANG_WARN_ENUM_CONVERSION = YES;
				CLANG_WARN_INFINITE_RECURSION = YES;
				CLANG_WARN_INT_CONVERSION = YES;
				CLANG_WARN_NON_LITERAL_NULL_CONVERSION = YES;
				CLANG_WARN_OBJC_IMPLICIT_RETAIN_SELF = YES;
				CLANG_WARN_OBJC_LITERAL_CONVERSION = YES;
				CLANG_WARN_OBJC_ROOT_CLASS = YES_ERROR;
				CLANG_WARN_QUOTED_INCLUDE_IN_FRAMEWORK_HEADER = YES;
				CLANG_WARN_RANGE_LOOP_ANALYSIS = YES;
				CLANG_WARN_STRICT_PROTOTYPES = YES;
				CLANG_WARN_SUSPICIOUS_MOVE = YES;
				CLANG_WARN_UNGUARDED_AVAILABILITY = YES_AGGRESSIVE;
				CLANG_WARN_UNREACHABLE_CODE = YES;
				CLANG_WARN__DUPLICATE_METHOD_MATCH = YES;
				COPY_PHASE_STRIP = NO;
				DEBUG_INFORMATION_FORMAT = dwarf;
				ENABLE_STRICT_OBJC_MSGSEND = YES;
				ENABLE_TESTABILITY = YES;
				GCC_C_LANGUAGE_STANDARD = gnu11;
				GCC_DYNAMIC_NO_PIC = NO;
				GCC_NO_COMMON_BLOCKS = YES;
				GCC_OPTIMIZATION_LEVEL = 0;
				GCC_PREPROCESSOR_DEFINITIONS = (
					"DEBUG=1",
					"$(inherited)",
				);
				GCC_WARN_64_TO_32_BIT_CONVERSION = YES;
				GCC_WARN_ABOUT_RETURN_TYPE = YES_ERROR;
				GCC_WARN_UNDECLARED_SELECTOR = YES;
				GCC_WARN_UNINITIALIZED_AUTOS = YES_AGGRESSIVE;
				GCC_WARN_UNUSED_FUNCTION = YES;
				GCC_WARN_UNUSED_VARIABLE = YES;
				IPHONEOS_DEPLOYMENT_TARGET = 16.2;
				MTL_ENABLE_DEBUG_INFO = INCLUDE_SOURCE;
				MTL_FAST_MATH = YES;
				ONLY_ACTIVE_ARCH = YES;
				SDKROOT = iphoneos;
				SWIFT_ACTIVE_COMPILATION_CONDITIONS = DEBUG;
				SWIFT_OPTIMIZATION_LEVEL = "-Onone";
			};
			name = Debug;
		};
		7CB709A62B1E5155001849F9 /* Release */ = {
			isa = XCBuildConfiguration;
			buildSettings = {
				ALWAYS_SEARCH_USER_PATHS = NO;
				CLANG_ANALYZER_NONNULL = YES;
				CLANG_ANALYZER_NUMBER_OBJECT_CONVERSION = YES_AGGRESSIVE;
				CLANG_CXX_LANGUAGE_STANDARD = "gnu++20";
				CLANG_ENABLE_MODULES = YES;
				CLANG_ENABLE_OBJC_ARC = YES;
				CLANG_ENABLE_OBJC_WEAK = YES;
				CLANG_WARN_BLOCK_CAPTURE_AUTORELEASING = YES;
				CLANG_WARN_BOOL_CONVERSION = YES;
				CLANG_WARN_COMMA = YES;
				CLANG_WARN_CONSTANT_CONVERSION = YES;
				CLANG_WARN_DEPRECATED_OBJC_IMPLEMENTATIONS = YES;
				CLANG_WARN_DIRECT_OBJC_ISA_USAGE = YES_ERROR;
				CLANG_WARN_DOCUMENTATION_COMMENTS = YES;
				CLANG_WARN_EMPTY_BODY = YES;
				CLANG_WARN_ENUM_CONVERSION = YES;
				CLANG_WARN_INFINITE_RECURSION = YES;
				CLANG_WARN_INT_CONVERSION = YES;
				CLANG_WARN_NON_LITERAL_NULL_CONVERSION = YES;
				CLANG_WARN_OBJC_IMPLICIT_RETAIN_SELF = YES;
				CLANG_WARN_OBJC_LITERAL_CONVERSION = YES;
				CLANG_WARN_OBJC_ROOT_CLASS = YES_ERROR;
				CLANG_WARN_QUOTED_INCLUDE_IN_FRAMEWORK_HEADER = YES;
				CLANG_WARN_RANGE_LOOP_ANALYSIS = YES;
				CLANG_WARN_STRICT_PROTOTYPES = YES;
				CLANG_WARN_SUSPICIOUS_MOVE = YES;
				CLANG_WARN_UNGUARDED_AVAILABILITY = YES_AGGRESSIVE;
				CLANG_WARN_UNREACHABLE_CODE = YES;
				CLANG_WARN__DUPLICATE_METHOD_MATCH = YES;
				COPY_PHASE_STRIP = NO;
				DEBUG_INFORMATION_FORMAT = "dwarf-with-dsym";
				ENABLE_NS_ASSERTIONS = NO;
				ENABLE_STRICT_OBJC_MSGSEND = YES;
				GCC_C_LANGUAGE_STANDARD = gnu11;
				GCC_NO_COMMON_BLOCKS = YES;
				GCC_WARN_64_TO_32_BIT_CONVERSION = YES;
				GCC_WARN_ABOUT_RETURN_TYPE = YES_ERROR;
				GCC_WARN_UNDECLARED_SELECTOR = YES;
				GCC_WARN_UNINITIALIZED_AUTOS = YES_AGGRESSIVE;
				GCC_WARN_UNUSED_FUNCTION = YES;
				GCC_WARN_UNUSED_VARIABLE = YES;
				IPHONEOS_DEPLOYMENT_TARGET = 16.2;
				MTL_ENABLE_DEBUG_INFO = NO;
				MTL_FAST_MATH = YES;
				SDKROOT = iphoneos;
				SWIFT_COMPILATION_MODE = wholemodule;
				SWIFT_OPTIMIZATION_LEVEL = "-O";
				VALIDATE_PRODUCT = YES;
			};
			name = Release;
		};
		7CB709A82B1E5155001849F9 /* Debug */ = {
			isa = XCBuildConfiguration;
			buildSettings = {
				ASSETCATALOG_COMPILER_APPICON_NAME = AppIcon;
				ASSETCATALOG_COMPILER_GLOBAL_ACCENT_COLOR_NAME = AccentColor;
				CODE_SIGN_STYLE = Automatic;
				CURRENT_PROJECT_VERSION = 1;
				DEVELOPMENT_ASSET_PATHS = "\"AppleMusicSUI/Preview Content\"";
				DEVELOPMENT_TEAM = HH9D8WXQ67;
				ENABLE_PREVIEWS = YES;
				GENERATE_INFOPLIST_FILE = YES;
				INFOPLIST_KEY_UIApplicationSceneManifest_Generation = YES;
				INFOPLIST_KEY_UIApplicationSupportsIndirectInputEvents = YES;
				INFOPLIST_KEY_UILaunchScreen_Generation = YES;
				INFOPLIST_KEY_UISupportedInterfaceOrientations_iPad = "UIInterfaceOrientationPortrait UIInterfaceOrientationPortraitUpsideDown UIInterfaceOrientationLandscapeLeft UIInterfaceOrientationLandscapeRight";
				INFOPLIST_KEY_UISupportedInterfaceOrientations_iPhone = "UIInterfaceOrientationPortrait UIInterfaceOrientationLandscapeLeft UIInterfaceOrientationLandscapeRight";
				LD_RUNPATH_SEARCH_PATHS = (
					"$(inherited)",
					"@executable_path/Frameworks",
				);
				MARKETING_VERSION = 1.0;
				PRODUCT_BUNDLE_IDENTIFIER = ru.sonyigorevna.AppleMusicSUI;
				PRODUCT_NAME = "$(TARGET_NAME)";
				SWIFT_EMIT_LOC_STRINGS = YES;
				SWIFT_VERSION = 5.0;
				TARGETED_DEVICE_FAMILY = "1,2";
			};
			name = Debug;
		};
		7CB709A92B1E5155001849F9 /* Release */ = {
			isa = XCBuildConfiguration;
			buildSettings = {
				ASSETCATALOG_COMPILER_APPICON_NAME = AppIcon;
				ASSETCATALOG_COMPILER_GLOBAL_ACCENT_COLOR_NAME = AccentColor;
				CODE_SIGN_STYLE = Automatic;
				CURRENT_PROJECT_VERSION = 1;
				DEVELOPMENT_ASSET_PATHS = "\"AppleMusicSUI/Preview Content\"";
				DEVELOPMENT_TEAM = HH9D8WXQ67;
				ENABLE_PREVIEWS = YES;
				GENERATE_INFOPLIST_FILE = YES;
				INFOPLIST_KEY_UIApplicationSceneManifest_Generation = YES;
				INFOPLIST_KEY_UIApplicationSupportsIndirectInputEvents = YES;
				INFOPLIST_KEY_UILaunchScreen_Generation = YES;
				INFOPLIST_KEY_UISupportedInterfaceOrientations_iPad = "UIInterfaceOrientationPortrait UIInterfaceOrientationPortraitUpsideDown UIInterfaceOrientationLandscapeLeft UIInterfaceOrientationLandscapeRight";
				INFOPLIST_KEY_UISupportedInterfaceOrientations_iPhone = "UIInterfaceOrientationPortrait UIInterfaceOrientationLandscapeLeft UIInterfaceOrientationLandscapeRight";
				LD_RUNPATH_SEARCH_PATHS = (
					"$(inherited)",
					"@executable_path/Frameworks",
				);
				MARKETING_VERSION = 1.0;
				PRODUCT_BUNDLE_IDENTIFIER = ru.sonyigorevna.AppleMusicSUI;
				PRODUCT_NAME = "$(TARGET_NAME)";
				SWIFT_EMIT_LOC_STRINGS = YES;
				SWIFT_VERSION = 5.0;
				TARGETED_DEVICE_FAMILY = "1,2";
			};
			name = Release;
		};
/* End XCBuildConfiguration section */

/* Begin XCConfigurationList section */
		7CB709942B1E5154001849F9 /* Build configuration list for PBXProject "AppleMusicSUI" */ = {
			isa = XCConfigurationList;
			buildConfigurations = (
				7CB709A52B1E5155001849F9 /* Debug */,
				7CB709A62B1E5155001849F9 /* Release */,
			);
			defaultConfigurationIsVisible = 0;
			defaultConfigurationName = Release;
		};
		7CB709A72B1E5155001849F9 /* Build configuration list for PBXNativeTarget "AppleMusicSUI" */ = {
			isa = XCConfigurationList;
			buildConfigurations = (
				7CB709A82B1E5155001849F9 /* Debug */,
				7CB709A92B1E5155001849F9 /* Release */,
			);
			defaultConfigurationIsVisible = 0;
			defaultConfigurationName = Release;
		};
/* End XCConfigurationList section */
	};
	rootObject = 7CB709912B1E5154001849F9 /* Project object */;
}
